
Microsoft Visual Studio Solution File, Format Version 12.00
# Visual Studio Version 17
VisualStudioVersion = 17.6.33712.159
MinimumVisualStudioVersion = 10.0.40219.1
Project("{2150E333-8FDC-42A3-9474-1A3956D46DE8}") = "1. Kintamieji", "1. Kintamieji", "{91F8549F-8733-4C62-A80F-AEB5A5C3D5EE}"
EndProject
Project("{2150E333-8FDC-42A3-9474-1A3956D46DE8}") = "2. Isvedimas", "2. Isvedimas", "{1E4FD6A5-4B45-4E05-8D02-E9A406F7560E}"
EndProject
Project("{FAE04EC0-301F-11D3-BF4B-00C04F79EFBC}") = "DemoKintakieji", "DemoKintakieji\DemoKintakieji.csproj", "{9D52F91D-41CA-4877-ABDE-4AECE915ED91}"
EndProject
Project("{FAE04EC0-301F-11D3-BF4B-00C04F79EFBC}") = "DemoIsvedimas", "DemoIsvedimas\DemoIsvedimas.csproj", "{99CA0578-E30B-4FEA-9BDF-B329B3E75F9F}"
EndProject
Project("{FAE04EC0-301F-11D3-BF4B-00C04F79EFBC}") = "Uzduotis01", "Uzduotis01\Uzduotis01.csproj", "{9F50A9F4-CCDE-40E0-94A2-FC79A13C9EDF}"
EndProject
Project("{FAE04EC0-301F-11D3-BF4B-00C04F79EFBC}") = "Uzduotis02", "Uzduotis02\Uzduotis02.csproj", "{A88457FE-596F-4E7B-A026-3EF9100FCC16}"
EndProject
Project("{FAE04EC0-301F-11D3-BF4B-00C04F79EFBC}") = "Uzduotis 3-4", "Uzduotis 3-4\Uzduotis 3-4.csproj", "{637CEE3A-6167-45F7-98B4-40E65FA96C18}"
EndProject
Project("{FAE04EC0-301F-11D3-BF4B-00C04F79EFBC}") = "Uzduotis 5", "Uzduotis 5\Uzduotis 5.csproj", "{CDBA6C09-84E7-4624-B7FC-0A1ED686C427}"
EndProject
Project("{FAE04EC0-301F-11D3-BF4B-00C04F79EFBC}") = "UZDUOTIS 8", "UZDUOTIS 8\UZDUOTIS 8.csproj", "{7A97ABD1-2F95-4D70-8C41-D08CC0E3A2C5}"
EndProject
Project("{FAE04EC0-301F-11D3-BF4B-00C04F79EFBC}") = "MASYVAIUZDUOTIS21", "MASYVAIUZDUOTIS21\MASYVAIUZDUOTIS21.csproj", "{3CA8FF15-6360-4CAB-AC5C-2E5F21BDB655}"
EndProject
Project("{FAE04EC0-301F-11D3-BF4B-00C04F79EFBC}") = "5Uzduotis 3-12", "5Uzduotis 3-12\5Uzduotis 3-12.csproj", "{EC9EE45A-4269-4107-BECE-2C3C9DF2E3EE}"
EndProject
Global
	GlobalSection(SolutionConfigurationPlatforms) = preSolution
		Debug|Any CPU = Debug|Any CPU
		Release|Any CPU = Release|Any CPU
	EndGlobalSection
	GlobalSection(ProjectConfigurationPlatforms) = postSolution
		{9D52F91D-41CA-4877-ABDE-4AECE915ED91}.Debug|Any CPU.ActiveCfg = Debug|Any CPU
		{9D52F91D-41CA-4877-ABDE-4AECE915ED91}.Debug|Any CPU.Build.0 = Debug|Any CPU
		{9D52F91D-41CA-4877-ABDE-4AECE915ED91}.Release|Any CPU.ActiveCfg = Release|Any CPU
		{9D52F91D-41CA-4877-ABDE-4AECE915ED91}.Release|Any CPU.Build.0 = Release|Any CPU
		{99CA0578-E30B-4FEA-9BDF-B329B3E75F9F}.Debug|Any CPU.ActiveCfg = Debug|Any CPU
		{99CA0578-E30B-4FEA-9BDF-B329B3E75F9F}.Debug|Any CPU.Build.0 = Debug|Any CPU
		{99CA0578-E30B-4FEA-9BDF-B329B3E75F9F}.Release|Any CPU.ActiveCfg = Release|Any CPU
		{99CA0578-E30B-4FEA-9BDF-B329B3E75F9F}.Release|Any CPU.Build.0 = Release|Any CPU
		{9F50A9F4-CCDE-40E0-94A2-FC79A13C9EDF}.Debug|Any CPU.ActiveCfg = Debug|Any CPU
		{9F50A9F4-CCDE-40E0-94A2-FC79A13C9EDF}.Debug|Any CPU.Build.0 = Debug|Any CPU
		{9F50A9F4-CCDE-40E0-94A2-FC79A13C9EDF}.Release|Any CPU.ActiveCfg = Release|Any CPU
		{9F50A9F4-CCDE-40E0-94A2-FC79A13C9EDF}.Release|Any CPU.Build.0 = Release|Any CPU
		{A88457FE-596F-4E7B-A026-3EF9100FCC16}.Debug|Any CPU.ActiveCfg = Debug|Any CPU
		{A88457FE-596F-4E7B-A026-3EF9100FCC16}.Debug|Any CPU.Build.0 = Debug|Any CPU
		{A88457FE-596F-4E7B-A026-3EF9100FCC16}.Release|Any CPU.ActiveCfg = Release|Any CPU
		{A88457FE-596F-4E7B-A026-3EF9100FCC16}.Release|Any CPU.Build.0 = Release|Any CPU
		{637CEE3A-6167-45F7-98B4-40E65FA96C18}.Debug|Any CPU.ActiveCfg = Debug|Any CPU
		{637CEE3A-6167-45F7-98B4-40E65FA96C18}.Debug|Any CPU.Build.0 = Debug|Any CPU
		{637CEE3A-6167-45F7-98B4-40E65FA96C18}.Release|Any CPU.ActiveCfg = Release|Any CPU
		{637CEE3A-6167-45F7-98B4-40E65FA96C18}.Release|Any CPU.Build.0 = Release|Any CPU
		{CDBA6C09-84E7-4624-B7FC-0A1ED686C427}.Debug|Any CPU.ActiveCfg = Debug|Any CPU
		{CDBA6C09-84E7-4624-B7FC-0A1ED686C427}.Debug|Any CPU.Build.0 = Debug|Any CPU
		{CDBA6C09-84E7-4624-B7FC-0A1ED686C427}.Release|Any CPU.ActiveCfg = Release|Any CPU
		{CDBA6C09-84E7-4624-B7FC-0A1ED686C427}.Release|Any CPU.Build.0 = Release|Any CPU
		{7A97ABD1-2F95-4D70-8C41-D08CC0E3A2C5}.Debug|Any CPU.ActiveCfg = Debug|Any CPU
		{7A97ABD1-2F95-4D70-8C41-D08CC0E3A2C5}.Debug|Any CPU.Build.0 = Debug|Any CPU
		{7A97ABD1-2F95-4D70-8C41-D08CC0E3A2C5}.Release|Any CPU.ActiveCfg = Release|Any CPU
		{7A97ABD1-2F95-4D70-8C41-D08CC0E3A2C5}.Release|Any CPU.Build.0 = Release|Any CPU
		{3CA8FF15-6360-4CAB-AC5C-2E5F21BDB655}.Debug|Any CPU.ActiveCfg = Debug|Any CPU
		{3CA8FF15-6360-4CAB-AC5C-2E5F21BDB655}.Debug|Any CPU.Build.0 = Debug|Any CPU
		{3CA8FF15-6360-4CAB-AC5C-2E5F21BDB655}.Release|Any CPU.ActiveCfg = Release|Any CPU
		{3CA8FF15-6360-4CAB-AC5C-2E5F21BDB655}.Release|Any CPU.Build.0 = Release|Any CPU
		{EC9EE45A-4269-4107-BECE-2C3C9DF2E3EE}.Debug|Any CPU.ActiveCfg = Debug|Any CPU
		{EC9EE45A-4269-4107-BECE-2C3C9DF2E3EE}.Debug|Any CPU.Build.0 = Debug|Any CPU
		{EC9EE45A-4269-4107-BECE-2C3C9DF2E3EE}.Release|Any CPU.ActiveCfg = Release|Any CPU
		{EC9EE45A-4269-4107-BECE-2C3C9DF2E3EE}.Release|Any CPU.Build.0 = Release|Any CPU
	EndGlobalSection
	GlobalSection(SolutionProperties) = preSolution
		HideSolutionNode = FALSE
	EndGlobalSection
	GlobalSection(NestedProjects) = preSolution
		{9D52F91D-41CA-4877-ABDE-4AECE915ED91} = {91F8549F-8733-4C62-A80F-AEB5A5C3D5EE}
		{99CA0578-E30B-4FEA-9BDF-B329B3E75F9F} = {1E4FD6A5-4B45-4E05-8D02-E9A406F7560E}
	EndGlobalSection
	GlobalSection(ExtensibilityGlobals) = postSolution
		SolutionGuid = {2BBF98AF-0D14-4147-B67C-63006C1B25AA}
	EndGlobalSection
EndGlobal
