
Microsoft Visual Studio Solution File, Format Version 12.00
# Visual Studio Version 17
VisualStudioVersion = 17.6.33712.159
MinimumVisualStudioVersion = 10.0.40219.1
Project("{2150E333-8FDC-42A3-9474-1A3956D46DE8}") = "Kintamieji", "Kintamieji", "{91F8549F-8733-4C62-A80F-AEB5A5C3D5EE}"
EndProject
Project("{FAE04EC0-301F-11D3-BF4B-00C04F79EFBC}") = "Uzduotys", "Uzduotys\Uzduotys.csproj", "{E5FAE31A-E69E-4A4D-848B-C285CCD6E0E6}"
EndProject
Project("{2150E333-8FDC-42A3-9474-1A3956D46DE8}") = "2.Isvedimas", "2.Isvedimas", "{1E4FD6A5-4B45-4E05-8D02-E9A406F7560E}"
EndProject
Project("{FAE04EC0-301F-11D3-BF4B-00C04F79EFBC}") = "DemoKintakieji", "DemoKintakieji\DemoKintakieji.csproj", "{9D52F91D-41CA-4877-ABDE-4AECE915ED91}"
EndProject
Project("{FAE04EC0-301F-11D3-BF4B-00C04F79EFBC}") = "DemoIsvedimas", "DemoIsvedimas\DemoIsvedimas.csproj", "{99CA0578-E30B-4FEA-9BDF-B329B3E75F9F}"
EndProject
Project("{FAE04EC0-301F-11D3-BF4B-00C04F79EFBC}") = "Uzduotis01", "Uzduotis01\Uzduotis01.csproj", "{9F50A9F4-CCDE-40E0-94A2-FC79A13C9EDF}"
EndProject
Project("{FAE04EC0-301F-11D3-BF4B-00C04F79EFBC}") = "Uzduotis02", "Uzduotis02\Uzduotis02.csproj", "{A88457FE-596F-4E7B-A026-3EF9100FCC16}"
EndProject
Global
	GlobalSection(SolutionConfigurationPlatforms) = preSolution
		Debug|Any CPU = Debug|Any CPU
		Release|Any CPU = Release|Any CPU
	EndGlobalSection
	GlobalSection(ProjectConfigurationPlatforms) = postSolution
		{E5FAE31A-E69E-4A4D-848B-C285CCD6E0E6}.Debug|Any CPU.ActiveCfg = Debug|Any CPU
		{E5FAE31A-E69E-4A4D-848B-C285CCD6E0E6}.Debug|Any CPU.Build.0 = Debug|Any CPU
		{E5FAE31A-E69E-4A4D-848B-C285CCD6E0E6}.Release|Any CPU.ActiveCfg = Release|Any CPU
		{E5FAE31A-E69E-4A4D-848B-C285CCD6E0E6}.Release|Any CPU.Build.0 = Release|Any CPU
		{9D52F91D-41CA-4877-ABDE-4AECE915ED91}.Debug|Any CPU.ActiveCfg = Debug|Any CPU
		{9D52F91D-41CA-4877-ABDE-4AECE915ED91}.Debug|Any CPU.Build.0 = Debug|Any CPU
		{9D52F91D-41CA-4877-ABDE-4AECE915ED91}.Release|Any CPU.ActiveCfg = Release|Any CPU
		{9D52F91D-41CA-4877-ABDE-4AECE915ED91}.Release|Any CPU.Build.0 = Release|Any CPU
		{99CA0578-E30B-4FEA-9BDF-B329B3E75F9F}.Debug|Any CPU.ActiveCfg = Debug|Any CPU
		{99CA0578-E30B-4FEA-9BDF-B329B3E75F9F}.Debug|Any CPU.Build.0 = Debug|Any CPU
		{99CA0578-E30B-4FEA-9BDF-B329B3E75F9F}.Release|Any CPU.ActiveCfg = Release|Any CPU
		{99CA0578-E30B-4FEA-9BDF-B329B3E75F9F}.Release|Any CPU.Build.0 = Release|Any CPU
		{9F50A9F4-CCDE-40E0-94A2-FC79A13C9EDF}.Debug|Any CPU.ActiveCfg = Debug|Any CPU
		{9F50A9F4-CCDE-40E0-94A2-FC79A13C9EDF}.Debug|Any CPU.Build.0 = Debug|Any CPU
		{9F50A9F4-CCDE-40E0-94A2-FC79A13C9EDF}.Release|Any CPU.ActiveCfg = Release|Any CPU
		{9F50A9F4-CCDE-40E0-94A2-FC79A13C9EDF}.Release|Any CPU.Build.0 = Release|Any CPU
		{A88457FE-596F-4E7B-A026-3EF9100FCC16}.Debug|Any CPU.ActiveCfg = Debug|Any CPU
		{A88457FE-596F-4E7B-A026-3EF9100FCC16}.Debug|Any CPU.Build.0 = Debug|Any CPU
		{A88457FE-596F-4E7B-A026-3EF9100FCC16}.Release|Any CPU.ActiveCfg = Release|Any CPU
		{A88457FE-596F-4E7B-A026-3EF9100FCC16}.Release|Any CPU.Build.0 = Release|Any CPU
	EndGlobalSection
	GlobalSection(SolutionProperties) = preSolution
		HideSolutionNode = FALSE
	EndGlobalSection
	GlobalSection(NestedProjects) = preSolution
		{E5FAE31A-E69E-4A4D-848B-C285CCD6E0E6} = {91F8549F-8733-4C62-A80F-AEB5A5C3D5EE}
		{1E4FD6A5-4B45-4E05-8D02-E9A406F7560E} = {91F8549F-8733-4C62-A80F-AEB5A5C3D5EE}
		{9D52F91D-41CA-4877-ABDE-4AECE915ED91} = {91F8549F-8733-4C62-A80F-AEB5A5C3D5EE}
		{99CA0578-E30B-4FEA-9BDF-B329B3E75F9F} = {1E4FD6A5-4B45-4E05-8D02-E9A406F7560E}
		{9F50A9F4-CCDE-40E0-94A2-FC79A13C9EDF} = {1E4FD6A5-4B45-4E05-8D02-E9A406F7560E}
		{A88457FE-596F-4E7B-A026-3EF9100FCC16} = {1E4FD6A5-4B45-4E05-8D02-E9A406F7560E}
	EndGlobalSection
	GlobalSection(ExtensibilityGlobals) = postSolution
		SolutionGuid = {2BBF98AF-0D14-4147-B67C-63006C1B25AA}
	EndGlobalSection
EndGlobal
